
Microsoft Visual Studio Solution File, Format Version 12.00
# Visual Studio Version 17
VisualStudioVersion = 17.3.32901.215
MinimumVisualStudioVersion = 10.0.40219.1
Project("{FAE04EC0-301F-11D3-BF4B-00C04F79EFBC}") = "BlazorCanvas2d", "BlazorCanvas2d\BlazorCanvas2d.csproj", "{2C393FFB-1D3A-F195-7BA5-6B014B8A4890}"
EndProject
Project("{2150E333-8FDC-42A3-9474-1A3956D46DE8}") = "misc", "misc", "{C841F5C2-8F30-5BE9-ECA6-260644CF6F9F}"
	ProjectSection(SolutionItems) = preProject
		.editorconfig = .editorconfig
		.gitattributes = .gitattributes
		.gitignore = .gitignore
		icon.png = icon.png
		LICENSE = LICENSE
		readme.md = readme.md
		version.json = version.json
	EndProjectSection
EndProject
Project("{2150E333-8FDC-42A3-9474-1A3956D46DE8}") = "samples", "samples", "{5D20AA90-6969-D8BD-9DCD-8634F4692FDA}"
EndProject
Project("{FAE04EC0-301F-11D3-BF4B-00C04F79EFBC}") = "BlazorCanvas2d.Samples.FallingBlocks", "BlazorCanvas2d.Samples\BlazorCanvas2d.Samples.FallingBlocks\BlazorCanvas2d.Samples.FallingBlocks.csproj", "{D83B7424-0E19-C185-9276-CE5CB2CEEB6C}"
EndProject
Project("{FAE04EC0-301F-11D3-BF4B-00C04F79EFBC}") = "BlazorCanvas2d.Samples.KeyAndMouse", "BlazorCanvas2d.Samples\BlazorCanvas2d.Samples.KeyAndMouse\BlazorCanvas2d.Samples.KeyAndMouse.csproj", "{7D9C5EC7-40E6-858C-CEB7-AF3790C82403}"
EndProject
Project("{FAE04EC0-301F-11D3-BF4B-00C04F79EFBC}") = "BlazorCanvas2d.Samples.DoomFire", "BlazorCanvas2d.Samples\BlazorCanvas2d.Samples.DoomFire\BlazorCanvas2d.Samples.DoomFire.csproj", "{62698B7C-694B-C3C8-0C83-FD0593F6BDA9}"
EndProject
Project("{FAE04EC0-301F-11D3-BF4B-00C04F79EFBC}") = "BlazorCanvas2d.Samples.PanAndZoom", "BlazorCanvas2d.Samples\BlazorCanvas2d.Samples.PanAndZoom\BlazorCanvas2d.Samples.PanAndZoom.csproj", "{CFE6A63F-D19E-AD3D-FF8E-88D7B1876E85}"
EndProject
Project("{FAE04EC0-301F-11D3-BF4B-00C04F79EFBC}") = "BlazorCanvas2d.Samples.ResizeCanvas", "BlazorCanvas2d.Samples\BlazorCanvas2d.Samples.ResizeCanvas\BlazorCanvas2d.Samples.ResizeCanvas.csproj", "{AE587124-3B3F-F8C1-9188-EE0CEB2DED36}"
EndProject
Project("{FAE04EC0-301F-11D3-BF4B-00C04F79EFBC}") = "BlazorCanvas2d.Samples.SimpleCanvas", "BlazorCanvas2d.Samples\BlazorCanvas2d.Samples.SimpleCanvas\BlazorCanvas2d.Samples.SimpleCanvas.csproj", "{376DC7FA-C0FB-72BD-B80B-EF329A830404}"
EndProject
Project("{FAE04EC0-301F-11D3-BF4B-00C04F79EFBC}") = "BlazorCanvas2d.Samples.MouseCoords", "BlazorCanvas2d.Samples\BlazorCanvas2d.Samples.MouseCoords\BlazorCanvas2d.Samples.MouseCoords.csproj", "{A6198589-7DC7-4E32-A5E5-9FAF6411BE90}"
EndProject
Project("{FAE04EC0-301F-11D3-BF4B-00C04F79EFBC}") = "BlazorCanvas2d.Samples.PfpMaker", "BlazorCanvas2d.Samples\BlazorCanvas2d.Samples.PfpMaker\BlazorCanvas2d.Samples.PfpMaker.csproj", "{F242069A-453A-F859-3A03-8CB352BE2866}"
EndProject
Project("{FAE04EC0-301F-11D3-BF4B-00C04F79EFBC}") = "BlazorCanvas2d.Tests", "BlazorCanvas2d.Tests\BlazorCanvas2d.Tests.csproj", "{83FDD030-4E36-4D0B-A470-E82668E3A213}"
EndProject
Global
	GlobalSection(SolutionConfigurationPlatforms) = preSolution
		Debug|Any CPU = Debug|Any CPU
		Debug|x64 = Debug|x64
		Debug|x86 = Debug|x86
		Release|Any CPU = Release|Any CPU
		Release|x64 = Release|x64
		Release|x86 = Release|x86
	EndGlobalSection
	GlobalSection(ProjectConfigurationPlatforms) = postSolution
		{2C393FFB-1D3A-F195-7BA5-6B014B8A4890}.Debug|Any CPU.ActiveCfg = Debug|Any CPU
		{2C393FFB-1D3A-F195-7BA5-6B014B8A4890}.Debug|Any CPU.Build.0 = Debug|Any CPU
		{2C393FFB-1D3A-F195-7BA5-6B014B8A4890}.Debug|x64.ActiveCfg = Debug|Any CPU
		{2C393FFB-1D3A-F195-7BA5-6B014B8A4890}.Debug|x64.Build.0 = Debug|Any CPU
		{2C393FFB-1D3A-F195-7BA5-6B014B8A4890}.Debug|x86.ActiveCfg = Debug|Any CPU
		{2C393FFB-1D3A-F195-7BA5-6B014B8A4890}.Debug|x86.Build.0 = Debug|Any CPU
		{2C393FFB-1D3A-F195-7BA5-6B014B8A4890}.Release|Any CPU.ActiveCfg = Release|Any CPU
		{2C393FFB-1D3A-F195-7BA5-6B014B8A4890}.Release|Any CPU.Build.0 = Release|Any CPU
		{2C393FFB-1D3A-F195-7BA5-6B014B8A4890}.Release|x64.ActiveCfg = Release|Any CPU
		{2C393FFB-1D3A-F195-7BA5-6B014B8A4890}.Release|x64.Build.0 = Release|Any CPU
		{2C393FFB-1D3A-F195-7BA5-6B014B8A4890}.Release|x86.ActiveCfg = Release|Any CPU
		{2C393FFB-1D3A-F195-7BA5-6B014B8A4890}.Release|x86.Build.0 = Release|Any CPU
		{D83B7424-0E19-C185-9276-CE5CB2CEEB6C}.Debug|Any CPU.ActiveCfg = Debug|Any CPU
		{D83B7424-0E19-C185-9276-CE5CB2CEEB6C}.Debug|Any CPU.Build.0 = Debug|Any CPU
		{D83B7424-0E19-C185-9276-CE5CB2CEEB6C}.Debug|x64.ActiveCfg = Debug|Any CPU
		{D83B7424-0E19-C185-9276-CE5CB2CEEB6C}.Debug|x64.Build.0 = Debug|Any CPU
		{D83B7424-0E19-C185-9276-CE5CB2CEEB6C}.Debug|x86.ActiveCfg = Debug|Any CPU
		{D83B7424-0E19-C185-9276-CE5CB2CEEB6C}.Debug|x86.Build.0 = Debug|Any CPU
		{D83B7424-0E19-C185-9276-CE5CB2CEEB6C}.Release|Any CPU.ActiveCfg = Release|Any CPU
		{D83B7424-0E19-C185-9276-CE5CB2CEEB6C}.Release|Any CPU.Build.0 = Release|Any CPU
		{D83B7424-0E19-C185-9276-CE5CB2CEEB6C}.Release|x64.ActiveCfg = Release|Any CPU
		{D83B7424-0E19-C185-9276-CE5CB2CEEB6C}.Release|x64.Build.0 = Release|Any CPU
		{D83B7424-0E19-C185-9276-CE5CB2CEEB6C}.Release|x86.ActiveCfg = Release|Any CPU
		{D83B7424-0E19-C185-9276-CE5CB2CEEB6C}.Release|x86.Build.0 = Release|Any CPU
		{7D9C5EC7-40E6-858C-CEB7-AF3790C82403}.Debug|Any CPU.ActiveCfg = Debug|Any CPU
		{7D9C5EC7-40E6-858C-CEB7-AF3790C82403}.Debug|Any CPU.Build.0 = Debug|Any CPU
		{7D9C5EC7-40E6-858C-CEB7-AF3790C82403}.Debug|x64.ActiveCfg = Debug|Any CPU
		{7D9C5EC7-40E6-858C-CEB7-AF3790C82403}.Debug|x64.Build.0 = Debug|Any CPU
		{7D9C5EC7-40E6-858C-CEB7-AF3790C82403}.Debug|x86.ActiveCfg = Debug|Any CPU
		{7D9C5EC7-40E6-858C-CEB7-AF3790C82403}.Debug|x86.Build.0 = Debug|Any CPU
		{7D9C5EC7-40E6-858C-CEB7-AF3790C82403}.Release|Any CPU.ActiveCfg = Release|Any CPU
		{7D9C5EC7-40E6-858C-CEB7-AF3790C82403}.Release|Any CPU.Build.0 = Release|Any CPU
		{7D9C5EC7-40E6-858C-CEB7-AF3790C82403}.Release|x64.ActiveCfg = Release|Any CPU
		{7D9C5EC7-40E6-858C-CEB7-AF3790C82403}.Release|x64.Build.0 = Release|Any CPU
		{7D9C5EC7-40E6-858C-CEB7-AF3790C82403}.Release|x86.ActiveCfg = Release|Any CPU
		{7D9C5EC7-40E6-858C-CEB7-AF3790C82403}.Release|x86.Build.0 = Release|Any CPU
		{62698B7C-694B-C3C8-0C83-FD0593F6BDA9}.Debug|Any CPU.ActiveCfg = Debug|Any CPU
		{62698B7C-694B-C3C8-0C83-FD0593F6BDA9}.Debug|Any CPU.Build.0 = Debug|Any CPU
		{62698B7C-694B-C3C8-0C83-FD0593F6BDA9}.Debug|x64.ActiveCfg = Debug|Any CPU
		{62698B7C-694B-C3C8-0C83-FD0593F6BDA9}.Debug|x64.Build.0 = Debug|Any CPU
		{62698B7C-694B-C3C8-0C83-FD0593F6BDA9}.Debug|x86.ActiveCfg = Debug|Any CPU
		{62698B7C-694B-C3C8-0C83-FD0593F6BDA9}.Debug|x86.Build.0 = Debug|Any CPU
		{62698B7C-694B-C3C8-0C83-FD0593F6BDA9}.Release|Any CPU.ActiveCfg = Release|Any CPU
		{62698B7C-694B-C3C8-0C83-FD0593F6BDA9}.Release|Any CPU.Build.0 = Release|Any CPU
		{62698B7C-694B-C3C8-0C83-FD0593F6BDA9}.Release|x64.ActiveCfg = Release|Any CPU
		{62698B7C-694B-C3C8-0C83-FD0593F6BDA9}.Release|x64.Build.0 = Release|Any CPU
		{62698B7C-694B-C3C8-0C83-FD0593F6BDA9}.Release|x86.ActiveCfg = Release|Any CPU
		{62698B7C-694B-C3C8-0C83-FD0593F6BDA9}.Release|x86.Build.0 = Release|Any CPU
		{CFE6A63F-D19E-AD3D-FF8E-88D7B1876E85}.Debug|Any CPU.ActiveCfg = Debug|Any CPU
		{CFE6A63F-D19E-AD3D-FF8E-88D7B1876E85}.Debug|Any CPU.Build.0 = Debug|Any CPU
		{CFE6A63F-D19E-AD3D-FF8E-88D7B1876E85}.Debug|x64.ActiveCfg = Debug|Any CPU
		{CFE6A63F-D19E-AD3D-FF8E-88D7B1876E85}.Debug|x64.Build.0 = Debug|Any CPU
		{CFE6A63F-D19E-AD3D-FF8E-88D7B1876E85}.Debug|x86.ActiveCfg = Debug|Any CPU
		{CFE6A63F-D19E-AD3D-FF8E-88D7B1876E85}.Debug|x86.Build.0 = Debug|Any CPU
		{CFE6A63F-D19E-AD3D-FF8E-88D7B1876E85}.Release|Any CPU.ActiveCfg = Release|Any CPU
		{CFE6A63F-D19E-AD3D-FF8E-88D7B1876E85}.Release|Any CPU.Build.0 = Release|Any CPU
		{CFE6A63F-D19E-AD3D-FF8E-88D7B1876E85}.Release|x64.ActiveCfg = Release|Any CPU
		{CFE6A63F-D19E-AD3D-FF8E-88D7B1876E85}.Release|x64.Build.0 = Release|Any CPU
		{CFE6A63F-D19E-AD3D-FF8E-88D7B1876E85}.Release|x86.ActiveCfg = Release|Any CPU
		{CFE6A63F-D19E-AD3D-FF8E-88D7B1876E85}.Release|x86.Build.0 = Release|Any CPU
		{AE587124-3B3F-F8C1-9188-EE0CEB2DED36}.Debug|Any CPU.ActiveCfg = Debug|Any CPU
		{AE587124-3B3F-F8C1-9188-EE0CEB2DED36}.Debug|Any CPU.Build.0 = Debug|Any CPU
		{AE587124-3B3F-F8C1-9188-EE0CEB2DED36}.Debug|x64.ActiveCfg = Debug|Any CPU
		{AE587124-3B3F-F8C1-9188-EE0CEB2DED36}.Debug|x64.Build.0 = Debug|Any CPU
		{AE587124-3B3F-F8C1-9188-EE0CEB2DED36}.Debug|x86.ActiveCfg = Debug|Any CPU
		{AE587124-3B3F-F8C1-9188-EE0CEB2DED36}.Debug|x86.Build.0 = Debug|Any CPU
		{AE587124-3B3F-F8C1-9188-EE0CEB2DED36}.Release|Any CPU.ActiveCfg = Release|Any CPU
		{AE587124-3B3F-F8C1-9188-EE0CEB2DED36}.Release|Any CPU.Build.0 = Release|Any CPU
		{AE587124-3B3F-F8C1-9188-EE0CEB2DED36}.Release|x64.ActiveCfg = Release|Any CPU
		{AE587124-3B3F-F8C1-9188-EE0CEB2DED36}.Release|x64.Build.0 = Release|Any CPU
		{AE587124-3B3F-F8C1-9188-EE0CEB2DED36}.Release|x86.ActiveCfg = Release|Any CPU
		{AE587124-3B3F-F8C1-9188-EE0CEB2DED36}.Release|x86.Build.0 = Release|Any CPU
		{376DC7FA-C0FB-72BD-B80B-EF329A830404}.Debug|Any CPU.ActiveCfg = Debug|Any CPU
		{376DC7FA-C0FB-72BD-B80B-EF329A830404}.Debug|Any CPU.Build.0 = Debug|Any CPU
		{376DC7FA-C0FB-72BD-B80B-EF329A830404}.Debug|x64.ActiveCfg = Debug|Any CPU
		{376DC7FA-C0FB-72BD-B80B-EF329A830404}.Debug|x64.Build.0 = Debug|Any CPU
		{376DC7FA-C0FB-72BD-B80B-EF329A830404}.Debug|x86.ActiveCfg = Debug|Any CPU
		{376DC7FA-C0FB-72BD-B80B-EF329A830404}.Debug|x86.Build.0 = Debug|Any CPU
		{376DC7FA-C0FB-72BD-B80B-EF329A830404}.Release|Any CPU.ActiveCfg = Release|Any CPU
		{376DC7FA-C0FB-72BD-B80B-EF329A830404}.Release|Any CPU.Build.0 = Release|Any CPU
		{376DC7FA-C0FB-72BD-B80B-EF329A830404}.Release|x64.ActiveCfg = Release|Any CPU
		{376DC7FA-C0FB-72BD-B80B-EF329A830404}.Release|x64.Build.0 = Release|Any CPU
		{376DC7FA-C0FB-72BD-B80B-EF329A830404}.Release|x86.ActiveCfg = Release|Any CPU
		{376DC7FA-C0FB-72BD-B80B-EF329A830404}.Release|x86.Build.0 = Release|Any CPU
		{A6198589-7DC7-4E32-A5E5-9FAF6411BE90}.Debug|Any CPU.ActiveCfg = Debug|Any CPU
		{A6198589-7DC7-4E32-A5E5-9FAF6411BE90}.Debug|Any CPU.Build.0 = Debug|Any CPU
		{A6198589-7DC7-4E32-A5E5-9FAF6411BE90}.Debug|x64.ActiveCfg = Debug|Any CPU
		{A6198589-7DC7-4E32-A5E5-9FAF6411BE90}.Debug|x64.Build.0 = Debug|Any CPU
		{A6198589-7DC7-4E32-A5E5-9FAF6411BE90}.Debug|x86.ActiveCfg = Debug|Any CPU
		{A6198589-7DC7-4E32-A5E5-9FAF6411BE90}.Debug|x86.Build.0 = Debug|Any CPU
		{A6198589-7DC7-4E32-A5E5-9FAF6411BE90}.Release|Any CPU.ActiveCfg = Release|Any CPU
		{A6198589-7DC7-4E32-A5E5-9FAF6411BE90}.Release|Any CPU.Build.0 = Release|Any CPU
		{A6198589-7DC7-4E32-A5E5-9FAF6411BE90}.Release|x64.ActiveCfg = Release|Any CPU
		{A6198589-7DC7-4E32-A5E5-9FAF6411BE90}.Release|x64.Build.0 = Release|Any CPU
		{A6198589-7DC7-4E32-A5E5-9FAF6411BE90}.Release|x86.ActiveCfg = Release|Any CPU
		{A6198589-7DC7-4E32-A5E5-9FAF6411BE90}.Release|x86.Build.0 = Release|Any CPU
		{F242069A-453A-F859-3A03-8CB352BE2866}.Debug|Any CPU.ActiveCfg = Debug|Any CPU
		{F242069A-453A-F859-3A03-8CB352BE2866}.Debug|Any CPU.Build.0 = Debug|Any CPU
		{F242069A-453A-F859-3A03-8CB352BE2866}.Debug|x64.ActiveCfg = Debug|Any CPU
		{F242069A-453A-F859-3A03-8CB352BE2866}.Debug|x64.Build.0 = Debug|Any CPU
		{F242069A-453A-F859-3A03-8CB352BE2866}.Debug|x86.ActiveCfg = Debug|Any CPU
		{F242069A-453A-F859-3A03-8CB352BE2866}.Debug|x86.Build.0 = Debug|Any CPU
		{F242069A-453A-F859-3A03-8CB352BE2866}.Release|Any CPU.ActiveCfg = Release|Any CPU
		{F242069A-453A-F859-3A03-8CB352BE2866}.Release|Any CPU.Build.0 = Release|Any CPU
		{F242069A-453A-F859-3A03-8CB352BE2866}.Release|x64.ActiveCfg = Release|Any CPU
		{F242069A-453A-F859-3A03-8CB352BE2866}.Release|x64.Build.0 = Release|Any CPU
		{F242069A-453A-F859-3A03-8CB352BE2866}.Release|x86.ActiveCfg = Release|Any CPU
		{F242069A-453A-F859-3A03-8CB352BE2866}.Release|x86.Build.0 = Release|Any CPU
		{83FDD030-4E36-4D0B-A470-E82668E3A213}.Debug|Any CPU.ActiveCfg = Debug|Any CPU
		{83FDD030-4E36-4D0B-A470-E82668E3A213}.Debug|Any CPU.Build.0 = Debug|Any CPU
		{83FDD030-4E36-4D0B-A470-E82668E3A213}.Debug|x64.ActiveCfg = Debug|Any CPU
		{83FDD030-4E36-4D0B-A470-E82668E3A213}.Debug|x64.Build.0 = Debug|Any CPU
		{83FDD030-4E36-4D0B-A470-E82668E3A213}.Debug|x86.ActiveCfg = Debug|Any CPU
		{83FDD030-4E36-4D0B-A470-E82668E3A213}.Debug|x86.Build.0 = Debug|Any CPU
		{83FDD030-4E36-4D0B-A470-E82668E3A213}.Release|Any CPU.ActiveCfg = Release|Any CPU
		{83FDD030-4E36-4D0B-A470-E82668E3A213}.Release|Any CPU.Build.0 = Release|Any CPU
		{83FDD030-4E36-4D0B-A470-E82668E3A213}.Release|x64.ActiveCfg = Release|Any CPU
		{83FDD030-4E36-4D0B-A470-E82668E3A213}.Release|x64.Build.0 = Release|Any CPU
		{83FDD030-4E36-4D0B-A470-E82668E3A213}.Release|x86.ActiveCfg = Release|Any CPU
		{83FDD030-4E36-4D0B-A470-E82668E3A213}.Release|x86.Build.0 = Release|Any CPU
	EndGlobalSection
	GlobalSection(SolutionProperties) = preSolution
		HideSolutionNode = FALSE
	EndGlobalSection
	GlobalSection(NestedProjects) = preSolution
		{D83B7424-0E19-C185-9276-CE5CB2CEEB6C} = {5D20AA90-6969-D8BD-9DCD-8634F4692FDA}
		{7D9C5EC7-40E6-858C-CEB7-AF3790C82403} = {5D20AA90-6969-D8BD-9DCD-8634F4692FDA}
		{62698B7C-694B-C3C8-0C83-FD0593F6BDA9} = {5D20AA90-6969-D8BD-9DCD-8634F4692FDA}
		{CFE6A63F-D19E-AD3D-FF8E-88D7B1876E85} = {5D20AA90-6969-D8BD-9DCD-8634F4692FDA}
		{AE587124-3B3F-F8C1-9188-EE0CEB2DED36} = {5D20AA90-6969-D8BD-9DCD-8634F4692FDA}
		{376DC7FA-C0FB-72BD-B80B-EF329A830404} = {5D20AA90-6969-D8BD-9DCD-8634F4692FDA}
		{A6198589-7DC7-4E32-A5E5-9FAF6411BE90} = {5D20AA90-6969-D8BD-9DCD-8634F4692FDA}
		{F242069A-453A-F859-3A03-8CB352BE2866} = {5D20AA90-6969-D8BD-9DCD-8634F4692FDA}
	EndGlobalSection
	GlobalSection(ExtensibilityGlobals) = postSolution
		SolutionGuid = {4E38A4B6-BFE1-4015-B014-748F68320AC4}
	EndGlobalSection
EndGlobal
